
Microsoft Visual Studio Solution File, Format Version 12.00
# Visual Studio Version 17
VisualStudioVersion = 17.5.33424.131
MinimumVisualStudioVersion = 10.0.40219.1
Project("{FAE04EC0-301F-11D3-BF4B-00C04F79EFBC}") = "trabalho var", "trabalho var.csproj", "{3ABE121B-21BF-4000-B757-8B499C94A0E8}"
EndProject
Global
	GlobalSection(SolutionConfigurationPlatforms) = preSolution
		Debug|Any CPU = Debug|Any CPU
		Release|Any CPU = Release|Any CPU
	EndGlobalSection
	GlobalSection(ProjectConfigurationPlatforms) = postSolution
		{3ABE121B-21BF-4000-B757-8B499C94A0E8}.Debug|Any CPU.ActiveCfg = Debug|Any CPU
		{3ABE121B-21BF-4000-B757-8B499C94A0E8}.Debug|Any CPU.Build.0 = Debug|Any CPU
		{3ABE121B-21BF-4000-B757-8B499C94A0E8}.Release|Any CPU.ActiveCfg = Release|Any CPU
		{3ABE121B-21BF-4000-B757-8B499C94A0E8}.Release|Any CPU.Build.0 = Release|Any CPU
	EndGlobalSection
	GlobalSection(SolutionProperties) = preSolution
		HideSolutionNode = FALSE
	EndGlobalSection
	GlobalSection(ExtensibilityGlobals) = postSolution
		SolutionGuid = {EC70673C-4770-4662-B9F1-40A7FB52A580}
	EndGlobalSection
EndGlobal
