
Microsoft Visual Studio Solution File, Format Version 12.00
# Visual Studio Version 17
VisualStudioVersion = 17.5.33424.131
MinimumVisualStudioVersion = 10.0.40219.1
Project("{FAE04EC0-301F-11D3-BF4B-00C04F79EFBC}") = "DesafioPostsComentarios", "DesafioPostsComentarios.csproj", "{54FA5008-D028-4A1A-807F-E11D07C8B745}"
EndProject
Project("{FAE04EC0-301F-11D3-BF4B-00C04F79EFBC}") = "DesafioPostsComentarios.Application", "..\DesafioPostsComentarios.Application\DesafioPostsComentarios.Application.csproj", "{717D252D-B324-406D-B5A4-8C4FF5334D7B}"
EndProject
Project("{FAE04EC0-301F-11D3-BF4B-00C04F79EFBC}") = "DesafioPostsComentarios.Repository", "..\DesafioPostsComentarios.Repository\DesafioPostsComentarios.Repository.csproj", "{C83E8EE0-BF1E-4BE2-975C-5F2B8FBA9A7B}"
EndProject
Global
	GlobalSection(SolutionConfigurationPlatforms) = preSolution
		Debug|Any CPU = Debug|Any CPU
		Release|Any CPU = Release|Any CPU
	EndGlobalSection
	GlobalSection(ProjectConfigurationPlatforms) = postSolution
		{54FA5008-D028-4A1A-807F-E11D07C8B745}.Debug|Any CPU.ActiveCfg = Debug|Any CPU
		{54FA5008-D028-4A1A-807F-E11D07C8B745}.Debug|Any CPU.Build.0 = Debug|Any CPU
		{54FA5008-D028-4A1A-807F-E11D07C8B745}.Release|Any CPU.ActiveCfg = Release|Any CPU
		{54FA5008-D028-4A1A-807F-E11D07C8B745}.Release|Any CPU.Build.0 = Release|Any CPU
		{717D252D-B324-406D-B5A4-8C4FF5334D7B}.Debug|Any CPU.ActiveCfg = Debug|Any CPU
		{717D252D-B324-406D-B5A4-8C4FF5334D7B}.Debug|Any CPU.Build.0 = Debug|Any CPU
		{717D252D-B324-406D-B5A4-8C4FF5334D7B}.Release|Any CPU.ActiveCfg = Release|Any CPU
		{717D252D-B324-406D-B5A4-8C4FF5334D7B}.Release|Any CPU.Build.0 = Release|Any CPU
		{C83E8EE0-BF1E-4BE2-975C-5F2B8FBA9A7B}.Debug|Any CPU.ActiveCfg = Debug|Any CPU
		{C83E8EE0-BF1E-4BE2-975C-5F2B8FBA9A7B}.Debug|Any CPU.Build.0 = Debug|Any CPU
		{C83E8EE0-BF1E-4BE2-975C-5F2B8FBA9A7B}.Release|Any CPU.ActiveCfg = Release|Any CPU
		{C83E8EE0-BF1E-4BE2-975C-5F2B8FBA9A7B}.Release|Any CPU.Build.0 = Release|Any CPU
	EndGlobalSection
	GlobalSection(SolutionProperties) = preSolution
		HideSolutionNode = FALSE
	EndGlobalSection
	GlobalSection(ExtensibilityGlobals) = postSolution
		SolutionGuid = {E1E68FBD-296D-46D0-899F-F0650D6B976F}
	EndGlobalSection
EndGlobal
